{
  "name": "7zip-examples",
  "version": "0.1.0",
  "lockfileVersion": 2,
  "requires": true,
  "packages": {
    "": {
      "name": "7zip-examples",
      "version": "0.1.0",
      "license": "SEE LICENSE IN LICENSE",
      "dependencies": {
        "7zip-binaries": "^0.0.5",
        "node-7z": "^3.0.0"
      }
    },
    "node_modules/7zip-binaries": {
      "version": "0.0.5",
      "resolved": "https://registry.npmjs.org/7zip-binaries/-/7zip-binaries-0.0.5.tgz",
      "integrity": "sha512-6Q1f64rc9WkrroBMLxGRgdNLiPPqJHGBViOLJaebCCZ05xALDR9dAVOKug3GgvoKXJ6asfN/48FRbZAaSw3EuA=="
    },
    "node_modules/debug": {
      "version": "4.3.3",
      "resolved": "https://registry.npmjs.org/debug/-/debug-4.3.3.tgz",
      "integrity": "sha512-/zxw5+vh1Tfv+4Qn7a5nsbcJKPaSvCDhojn6FEl9vupwK2VCSDtEiEtqr8DFtzYFOdz63LBkxec7DYuc2jon6Q==",
      "dependencies": {
        "ms": "2.1.2"
      },
      "engines": {
        "node": ">=6.0"
      },
      "peerDependenciesMeta": {
        "supports-color": {
          "optional": true
        }
      }
    },
    "node_modules/lodash.defaultsdeep": {
      "version": "4.6.1",
      "resolved": "https://registry.npmjs.org/lodash.defaultsdeep/-/lodash.defaultsdeep-4.6.1.tgz",
      "integrity": "sha512-3j8wdDzYuWO3lM3Reg03MuQR957t287Rpcxp1njpEa8oDrikb+FwGdW3n+FELh/A6qib6yPit0j/pv9G/yeAqA=="
    },
    "node_modules/lodash.defaultto": {
      "version": "4.14.0",
      "resolved": "https://registry.npmjs.org/lodash.defaultto/-/lodash.defaultto-4.14.0.tgz",
      "integrity": "sha1-OL09QlrO5zPg4ru9TkspcRzC7hE="
    },
    "node_modules/lodash.flattendeep": {
      "version": "4.4.0",
      "resolved": "https://registry.npmjs.org/lodash.flattendeep/-/lodash.flattendeep-4.4.0.tgz",
      "integrity": "sha1-+wMJF/hqMTTlvJvsDWngAT3f7bI="
    },
    "node_modules/lodash.isempty": {
      "version": "4.4.0",
      "resolved": "https://registry.npmjs.org/lodash.isempty/-/lodash.isempty-4.4.0.tgz",
      "integrity": "sha1-b4bL7di+TsmHvpqvM8loTbGzHn4="
    },
    "node_modules/lodash.negate": {
      "version": "3.0.2",
      "resolved": "https://registry.npmjs.org/lodash.negate/-/lodash.negate-3.0.2.tgz",
      "integrity": "sha1-nIl7C/YQAZ4LQ7j/Pwr+89e2bzQ="
    },
    "node_modules/ms": {
      "version": "2.1.2",
      "resolved": "https://registry.npmjs.org/ms/-/ms-2.1.2.tgz",
      "integrity": "sha512-sGkPx+VjMtmA6MX27oA4FBFELFCZZ4S4XqeGOXCv68tT+jb3vk/RyaKWP0PTKyWtmLSM0b+adUTEvbs1PEaH2w=="
    },
    "node_modules/node-7z": {
      "version": "3.0.0",
      "resolved": "https://registry.npmjs.org/node-7z/-/node-7z-3.0.0.tgz",
      "integrity": "sha512-KIznWSxIkOYO/vOgKQfJEaXd7rgoFYKZbaurainCEdMhYc7V7mRHX+qdf2HgbpQFcdJL/Q6/XOPrDLoBeTfuZA==",
      "dependencies": {
        "debug": "^4.3.2",
        "lodash.defaultsdeep": "^4.6.1",
        "lodash.defaultto": "^4.14.0",
        "lodash.flattendeep": "^4.4.0",
        "lodash.isempty": "^4.4.0",
        "lodash.negate": "^3.0.2",
        "normalize-path": "^3.0.0"
      },
      "engines": {
        "node": ">=10"
      }
    },
    "node_modules/normalize-path": {
      "version": "3.0.0",
      "resolved": "https://registry.npmjs.org/normalize-path/-/normalize-path-3.0.0.tgz",
      "integrity": "sha512-6eZs5Ls3WtCisHWp9S2GUy8dqkpGi4BVSz3GaqiE6ezub0512ESztXUwUB6C6IKbQkY2Pnb/mD4WYojCRwcwLA==",
      "engines": {
        "node": ">=0.10.0"
      }
    }
  },
  "dependencies": {
    "7zip-binaries": {
      "version": "0.0.5",
      "resolved": "https://registry.npmjs.org/7zip-binaries/-/7zip-binaries-0.0.5.tgz",
      "integrity": "sha512-6Q1f64rc9WkrroBMLxGRgdNLiPPqJHGBViOLJaebCCZ05xALDR9dAVOKug3GgvoKXJ6asfN/48FRbZAaSw3EuA=="
    },
    "debug": {
      "version": "4.3.3",
      "resolved": "https://registry.npmjs.org/debug/-/debug-4.3.3.tgz",
      "integrity": "sha512-/zxw5+vh1Tfv+4Qn7a5nsbcJKPaSvCDhojn6FEl9vupwK2VCSDtEiEtqr8DFtzYFOdz63LBkxec7DYuc2jon6Q==",
      "requires": {
        "ms": "2.1.2"
      }
    },
    "lodash.defaultsdeep": {
      "version": "4.6.1",
      "resolved": "https://registry.npmjs.org/lodash.defaultsdeep/-/lodash.defaultsdeep-4.6.1.tgz",
      "integrity": "sha512-3j8wdDzYuWO3lM3Reg03MuQR957t287Rpcxp1njpEa8oDrikb+FwGdW3n+FELh/A6qib6yPit0j/pv9G/yeAqA=="
    },
    "lodash.defaultto": {
      "version": "4.14.0",
      "resolved": "https://registry.npmjs.org/lodash.defaultto/-/lodash.defaultto-4.14.0.tgz",
      "integrity": "sha1-OL09QlrO5zPg4ru9TkspcRzC7hE="
    },
    "lodash.flattendeep": {
      "version": "4.4.0",
      "resolved": "https://registry.npmjs.org/lodash.flattendeep/-/lodash.flattendeep-4.4.0.tgz",
      "integrity": "sha1-+wMJF/hqMTTlvJvsDWngAT3f7bI="
    },
    "lodash.isempty": {
      "version": "4.4.0",
      "resolved": "https://registry.npmjs.org/lodash.isempty/-/lodash.isempty-4.4.0.tgz",
      "integrity": "sha1-b4bL7di+TsmHvpqvM8loTbGzHn4="
    },
    "lodash.negate": {
      "version": "3.0.2",
      "resolved": "https://registry.npmjs.org/lodash.negate/-/lodash.negate-3.0.2.tgz",
      "integrity": "sha1-nIl7C/YQAZ4LQ7j/Pwr+89e2bzQ="
    },
    "ms": {
      "version": "2.1.2",
      "resolved": "https://registry.npmjs.org/ms/-/ms-2.1.2.tgz",
      "integrity": "sha512-sGkPx+VjMtmA6MX27oA4FBFELFCZZ4S4XqeGOXCv68tT+jb3vk/RyaKWP0PTKyWtmLSM0b+adUTEvbs1PEaH2w=="
    },
    "node-7z": {
      "version": "3.0.0",
      "resolved": "https://registry.npmjs.org/node-7z/-/node-7z-3.0.0.tgz",
      "integrity": "sha512-KIznWSxIkOYO/vOgKQfJEaXd7rgoFYKZbaurainCEdMhYc7V7mRHX+qdf2HgbpQFcdJL/Q6/XOPrDLoBeTfuZA==",
      "requires": {
        "debug": "^4.3.2",
        "lodash.defaultsdeep": "^4.6.1",
        "lodash.defaultto": "^4.14.0",
        "lodash.flattendeep": "^4.4.0",
        "lodash.isempty": "^4.4.0",
        "lodash.negate": "^3.0.2",
        "normalize-path": "^3.0.0"
      }
    },
    "normalize-path": {
      "version": "3.0.0",
      "resolved": "https://registry.npmjs.org/normalize-path/-/normalize-path-3.0.0.tgz",
      "integrity": "sha512-6eZs5Ls3WtCisHWp9S2GUy8dqkpGi4BVSz3GaqiE6ezub0512ESztXUwUB6C6IKbQkY2Pnb/mD4WYojCRwcwLA=="
    }
  }
}
